
Microsoft Visual Studio Solution File, Format Version 12.00
# Visual Studio Version 16
VisualStudioVersion = 16.0.30907.101
MinimumVisualStudioVersion = 10.0.40219.1
Project("{FAE04EC0-301F-11D3-BF4B-00C04F79EFBC}") = "AdvocatesListService", "AdvocatesListService\AdvocatesListService.csproj", "{B8915540-5D71-4D68-9A81-C0F4933F9494}"
EndProject
Global
	GlobalSection(SolutionConfigurationPlatforms) = preSolution
		Debug|Any CPU = Debug|Any CPU
		Release|Any CPU = Release|Any CPU
	EndGlobalSection
	GlobalSection(ProjectConfigurationPlatforms) = postSolution
		{B8915540-5D71-4D68-9A81-C0F4933F9494}.Debug|Any CPU.ActiveCfg = Debug|Any CPU
		{B8915540-5D71-4D68-9A81-C0F4933F9494}.Debug|Any CPU.Build.0 = Debug|Any CPU
		{B8915540-5D71-4D68-9A81-C0F4933F9494}.Release|Any CPU.ActiveCfg = Release|Any CPU
		{B8915540-5D71-4D68-9A81-C0F4933F9494}.Release|Any CPU.Build.0 = Release|Any CPU
	EndGlobalSection
	GlobalSection(SolutionProperties) = preSolution
		HideSolutionNode = FALSE
	EndGlobalSection
	GlobalSection(ExtensibilityGlobals) = postSolution
		SolutionGuid = {FD59FD50-67BF-4414-B79C-0D3657A6B6AC}
	EndGlobalSection
EndGlobal
